
Microsoft Visual Studio Solution File, Format Version 12.00
# Visual Studio Version 17
VisualStudioVersion = 17.10.34928.147
MinimumVisualStudioVersion = 10.0.40219.1
Project("{FAE04EC0-301F-11D3-BF4B-00C04F79EFBC}") = "RPSGame", "RPSGame.csproj", "{3C1AF0F9-94B3-4F30-9364-74A17B3206C4}"
EndProject
Project("{FAE04EC0-301F-11D3-BF4B-00C04F79EFBC}") = "RPSGameTests", "..\RPSGameTests\RPSGameTests.csproj", "{35DC2766-C08E-4423-A55E-D55A86BE1EA4}"
EndProject
Global
	GlobalSection(SolutionConfigurationPlatforms) = preSolution
		Debug|Any CPU = Debug|Any CPU
		Release|Any CPU = Release|Any CPU
	EndGlobalSection
	GlobalSection(ProjectConfigurationPlatforms) = postSolution
		{3C1AF0F9-94B3-4F30-9364-74A17B3206C4}.Debug|Any CPU.ActiveCfg = Debug|Any CPU
		{3C1AF0F9-94B3-4F30-9364-74A17B3206C4}.Debug|Any CPU.Build.0 = Debug|Any CPU
		{3C1AF0F9-94B3-4F30-9364-74A17B3206C4}.Release|Any CPU.ActiveCfg = Release|Any CPU
		{3C1AF0F9-94B3-4F30-9364-74A17B3206C4}.Release|Any CPU.Build.0 = Release|Any CPU
		{35DC2766-C08E-4423-A55E-D55A86BE1EA4}.Debug|Any CPU.ActiveCfg = Debug|Any CPU
		{35DC2766-C08E-4423-A55E-D55A86BE1EA4}.Debug|Any CPU.Build.0 = Debug|Any CPU
		{35DC2766-C08E-4423-A55E-D55A86BE1EA4}.Release|Any CPU.ActiveCfg = Release|Any CPU
		{35DC2766-C08E-4423-A55E-D55A86BE1EA4}.Release|Any CPU.Build.0 = Release|Any CPU
	EndGlobalSection
	GlobalSection(SolutionProperties) = preSolution
		HideSolutionNode = FALSE
	EndGlobalSection
	GlobalSection(ExtensibilityGlobals) = postSolution
		SolutionGuid = {63DC25C7-EA01-4F0E-AC74-4138DEFD5304}
	EndGlobalSection
EndGlobal
